
Microsoft Visual Studio Solution File, Format Version 12.00
# Visual Studio Version 17
VisualStudioVersion = 17.0.31903.59
MinimumVisualStudioVersion = 10.0.40219.1
Project("{FAE04EC0-301F-11D3-BF4B-00C04F79EFBC}") = "NetCid", "NetCid\NetCid.csproj", "{9EA42356-0188-4FEF-940D-22EA708ADD25}"
EndProject
Project("{FAE04EC0-301F-11D3-BF4B-00C04F79EFBC}") = "NetCid.Tests", "NetCid.Tests\NetCid.Tests.csproj", "{568E30C3-D873-4FC7-B499-EC0F466F3479}"
EndProject
Project("{FAE04EC0-301F-11D3-BF4B-00C04F79EFBC}") = "NetCid.IntegrationTests", "NetCid.IntegrationTests\NetCid.IntegrationTests.csproj", "{34F357F0-0BAF-4B70-8897-917AA556F388}"
EndProject
Project("{2150E333-8FDC-42A3-9474-1A3956D46DE8}") = "examples", "examples", "{B36A84DF-456D-A817-6EDD-3EC3E7F6E11F}"
EndProject
Project("{2150E333-8FDC-42A3-9474-1A3956D46DE8}") = "cid-interface", "cid-interface", "{097C7ECA-A041-E5CC-7D06-1B7DB85BBCF9}"
EndProject
Project("{FAE04EC0-301F-11D3-BF4B-00C04F79EFBC}") = "CidInterfaceExample", "examples\cid-interface\CidInterfaceExample.csproj", "{A4E5EF9F-81B6-467A-AD5C-3362E110B00B}"
EndProject
Project("{2150E333-8FDC-42A3-9474-1A3956D46DE8}") = "multicodec-interface", "multicodec-interface", "{6D0A4DBD-B535-6924-C7CF-7809DE19608B}"
EndProject
Project("{FAE04EC0-301F-11D3-BF4B-00C04F79EFBC}") = "MulticodecInterfaceExample", "examples\multicodec-interface\MulticodecInterfaceExample.csproj", "{992CCA71-42A4-42FA-935D-0A2F852177F6}"
EndProject
Project("{2150E333-8FDC-42A3-9474-1A3956D46DE8}") = "multihash-interface", "multihash-interface", "{16E0219A-2A7C-FF03-94DF-16FC78363D78}"
EndProject
Project("{FAE04EC0-301F-11D3-BF4B-00C04F79EFBC}") = "MultihashInterfaceExample", "examples\multihash-interface\MultihashInterfaceExample.csproj", "{856B8674-E758-4104-8A5C-E662854ACA3B}"
EndProject
Project("{2150E333-8FDC-42A3-9474-1A3956D46DE8}") = "block-interface", "block-interface", "{05477FCE-AE3D-5BAF-73F6-0B05E0F2A020}"
EndProject
Project("{FAE04EC0-301F-11D3-BF4B-00C04F79EFBC}") = "BlockInterfaceExample", "examples\block-interface\BlockInterfaceExample.csproj", "{ED38749C-712A-4D70-993F-537CDAD5CDCE}"
EndProject
Global
	GlobalSection(SolutionConfigurationPlatforms) = preSolution
		Debug|Any CPU = Debug|Any CPU
		Debug|x64 = Debug|x64
		Debug|x86 = Debug|x86
		Release|Any CPU = Release|Any CPU
		Release|x64 = Release|x64
		Release|x86 = Release|x86
	EndGlobalSection
	GlobalSection(ProjectConfigurationPlatforms) = postSolution
		{9EA42356-0188-4FEF-940D-22EA708ADD25}.Debug|Any CPU.ActiveCfg = Debug|Any CPU
		{9EA42356-0188-4FEF-940D-22EA708ADD25}.Debug|Any CPU.Build.0 = Debug|Any CPU
		{9EA42356-0188-4FEF-940D-22EA708ADD25}.Debug|x64.ActiveCfg = Debug|Any CPU
		{9EA42356-0188-4FEF-940D-22EA708ADD25}.Debug|x64.Build.0 = Debug|Any CPU
		{9EA42356-0188-4FEF-940D-22EA708ADD25}.Debug|x86.ActiveCfg = Debug|Any CPU
		{9EA42356-0188-4FEF-940D-22EA708ADD25}.Debug|x86.Build.0 = Debug|Any CPU
		{9EA42356-0188-4FEF-940D-22EA708ADD25}.Release|Any CPU.ActiveCfg = Release|Any CPU
		{9EA42356-0188-4FEF-940D-22EA708ADD25}.Release|Any CPU.Build.0 = Release|Any CPU
		{9EA42356-0188-4FEF-940D-22EA708ADD25}.Release|x64.ActiveCfg = Release|Any CPU
		{9EA42356-0188-4FEF-940D-22EA708ADD25}.Release|x64.Build.0 = Release|Any CPU
		{9EA42356-0188-4FEF-940D-22EA708ADD25}.Release|x86.ActiveCfg = Release|Any CPU
		{9EA42356-0188-4FEF-940D-22EA708ADD25}.Release|x86.Build.0 = Release|Any CPU
		{568E30C3-D873-4FC7-B499-EC0F466F3479}.Debug|Any CPU.ActiveCfg = Debug|Any CPU
		{568E30C3-D873-4FC7-B499-EC0F466F3479}.Debug|Any CPU.Build.0 = Debug|Any CPU
		{568E30C3-D873-4FC7-B499-EC0F466F3479}.Debug|x64.ActiveCfg = Debug|Any CPU
		{568E30C3-D873-4FC7-B499-EC0F466F3479}.Debug|x64.Build.0 = Debug|Any CPU
		{568E30C3-D873-4FC7-B499-EC0F466F3479}.Debug|x86.ActiveCfg = Debug|Any CPU
		{568E30C3-D873-4FC7-B499-EC0F466F3479}.Debug|x86.Build.0 = Debug|Any CPU
		{568E30C3-D873-4FC7-B499-EC0F466F3479}.Release|Any CPU.ActiveCfg = Release|Any CPU
		{568E30C3-D873-4FC7-B499-EC0F466F3479}.Release|Any CPU.Build.0 = Release|Any CPU
		{568E30C3-D873-4FC7-B499-EC0F466F3479}.Release|x64.ActiveCfg = Release|Any CPU
		{568E30C3-D873-4FC7-B499-EC0F466F3479}.Release|x64.Build.0 = Release|Any CPU
		{568E30C3-D873-4FC7-B499-EC0F466F3479}.Release|x86.ActiveCfg = Release|Any CPU
		{568E30C3-D873-4FC7-B499-EC0F466F3479}.Release|x86.Build.0 = Release|Any CPU
		{34F357F0-0BAF-4B70-8897-917AA556F388}.Debug|Any CPU.ActiveCfg = Debug|Any CPU
		{34F357F0-0BAF-4B70-8897-917AA556F388}.Debug|Any CPU.Build.0 = Debug|Any CPU
		{34F357F0-0BAF-4B70-8897-917AA556F388}.Debug|x64.ActiveCfg = Debug|Any CPU
		{34F357F0-0BAF-4B70-8897-917AA556F388}.Debug|x64.Build.0 = Debug|Any CPU
		{34F357F0-0BAF-4B70-8897-917AA556F388}.Debug|x86.ActiveCfg = Debug|Any CPU
		{34F357F0-0BAF-4B70-8897-917AA556F388}.Debug|x86.Build.0 = Debug|Any CPU
		{34F357F0-0BAF-4B70-8897-917AA556F388}.Release|Any CPU.ActiveCfg = Release|Any CPU
		{34F357F0-0BAF-4B70-8897-917AA556F388}.Release|Any CPU.Build.0 = Release|Any CPU
		{34F357F0-0BAF-4B70-8897-917AA556F388}.Release|x64.ActiveCfg = Release|Any CPU
		{34F357F0-0BAF-4B70-8897-917AA556F388}.Release|x64.Build.0 = Release|Any CPU
		{34F357F0-0BAF-4B70-8897-917AA556F388}.Release|x86.ActiveCfg = Release|Any CPU
		{34F357F0-0BAF-4B70-8897-917AA556F388}.Release|x86.Build.0 = Release|Any CPU
		{A4E5EF9F-81B6-467A-AD5C-3362E110B00B}.Debug|Any CPU.ActiveCfg = Debug|Any CPU
		{A4E5EF9F-81B6-467A-AD5C-3362E110B00B}.Debug|Any CPU.Build.0 = Debug|Any CPU
		{A4E5EF9F-81B6-467A-AD5C-3362E110B00B}.Debug|x64.ActiveCfg = Debug|Any CPU
		{A4E5EF9F-81B6-467A-AD5C-3362E110B00B}.Debug|x64.Build.0 = Debug|Any CPU
		{A4E5EF9F-81B6-467A-AD5C-3362E110B00B}.Debug|x86.ActiveCfg = Debug|Any CPU
		{A4E5EF9F-81B6-467A-AD5C-3362E110B00B}.Debug|x86.Build.0 = Debug|Any CPU
		{A4E5EF9F-81B6-467A-AD5C-3362E110B00B}.Release|Any CPU.ActiveCfg = Release|Any CPU
		{A4E5EF9F-81B6-467A-AD5C-3362E110B00B}.Release|Any CPU.Build.0 = Release|Any CPU
		{A4E5EF9F-81B6-467A-AD5C-3362E110B00B}.Release|x64.ActiveCfg = Release|Any CPU
		{A4E5EF9F-81B6-467A-AD5C-3362E110B00B}.Release|x64.Build.0 = Release|Any CPU
		{A4E5EF9F-81B6-467A-AD5C-3362E110B00B}.Release|x86.ActiveCfg = Release|Any CPU
		{A4E5EF9F-81B6-467A-AD5C-3362E110B00B}.Release|x86.Build.0 = Release|Any CPU
		{992CCA71-42A4-42FA-935D-0A2F852177F6}.Debug|Any CPU.ActiveCfg = Debug|Any CPU
		{992CCA71-42A4-42FA-935D-0A2F852177F6}.Debug|Any CPU.Build.0 = Debug|Any CPU
		{992CCA71-42A4-42FA-935D-0A2F852177F6}.Debug|x64.ActiveCfg = Debug|Any CPU
		{992CCA71-42A4-42FA-935D-0A2F852177F6}.Debug|x64.Build.0 = Debug|Any CPU
		{992CCA71-42A4-42FA-935D-0A2F852177F6}.Debug|x86.ActiveCfg = Debug|Any CPU
		{992CCA71-42A4-42FA-935D-0A2F852177F6}.Debug|x86.Build.0 = Debug|Any CPU
		{992CCA71-42A4-42FA-935D-0A2F852177F6}.Release|Any CPU.ActiveCfg = Release|Any CPU
		{992CCA71-42A4-42FA-935D-0A2F852177F6}.Release|Any CPU.Build.0 = Release|Any CPU
		{992CCA71-42A4-42FA-935D-0A2F852177F6}.Release|x64.ActiveCfg = Release|Any CPU
		{992CCA71-42A4-42FA-935D-0A2F852177F6}.Release|x64.Build.0 = Release|Any CPU
		{992CCA71-42A4-42FA-935D-0A2F852177F6}.Release|x86.ActiveCfg = Release|Any CPU
		{992CCA71-42A4-42FA-935D-0A2F852177F6}.Release|x86.Build.0 = Release|Any CPU
		{856B8674-E758-4104-8A5C-E662854ACA3B}.Debug|Any CPU.ActiveCfg = Debug|Any CPU
		{856B8674-E758-4104-8A5C-E662854ACA3B}.Debug|Any CPU.Build.0 = Debug|Any CPU
		{856B8674-E758-4104-8A5C-E662854ACA3B}.Debug|x64.ActiveCfg = Debug|Any CPU
		{856B8674-E758-4104-8A5C-E662854ACA3B}.Debug|x64.Build.0 = Debug|Any CPU
		{856B8674-E758-4104-8A5C-E662854ACA3B}.Debug|x86.ActiveCfg = Debug|Any CPU
		{856B8674-E758-4104-8A5C-E662854ACA3B}.Debug|x86.Build.0 = Debug|Any CPU
		{856B8674-E758-4104-8A5C-E662854ACA3B}.Release|Any CPU.ActiveCfg = Release|Any CPU
		{856B8674-E758-4104-8A5C-E662854ACA3B}.Release|Any CPU.Build.0 = Release|Any CPU
		{856B8674-E758-4104-8A5C-E662854ACA3B}.Release|x64.ActiveCfg = Release|Any CPU
		{856B8674-E758-4104-8A5C-E662854ACA3B}.Release|x64.Build.0 = Release|Any CPU
		{856B8674-E758-4104-8A5C-E662854ACA3B}.Release|x86.ActiveCfg = Release|Any CPU
		{856B8674-E758-4104-8A5C-E662854ACA3B}.Release|x86.Build.0 = Release|Any CPU
		{ED38749C-712A-4D70-993F-537CDAD5CDCE}.Debug|Any CPU.ActiveCfg = Debug|Any CPU
		{ED38749C-712A-4D70-993F-537CDAD5CDCE}.Debug|Any CPU.Build.0 = Debug|Any CPU
		{ED38749C-712A-4D70-993F-537CDAD5CDCE}.Debug|x64.ActiveCfg = Debug|Any CPU
		{ED38749C-712A-4D70-993F-537CDAD5CDCE}.Debug|x64.Build.0 = Debug|Any CPU
		{ED38749C-712A-4D70-993F-537CDAD5CDCE}.Debug|x86.ActiveCfg = Debug|Any CPU
		{ED38749C-712A-4D70-993F-537CDAD5CDCE}.Debug|x86.Build.0 = Debug|Any CPU
		{ED38749C-712A-4D70-993F-537CDAD5CDCE}.Release|Any CPU.ActiveCfg = Release|Any CPU
		{ED38749C-712A-4D70-993F-537CDAD5CDCE}.Release|Any CPU.Build.0 = Release|Any CPU
		{ED38749C-712A-4D70-993F-537CDAD5CDCE}.Release|x64.ActiveCfg = Release|Any CPU
		{ED38749C-712A-4D70-993F-537CDAD5CDCE}.Release|x64.Build.0 = Release|Any CPU
		{ED38749C-712A-4D70-993F-537CDAD5CDCE}.Release|x86.ActiveCfg = Release|Any CPU
		{ED38749C-712A-4D70-993F-537CDAD5CDCE}.Release|x86.Build.0 = Release|Any CPU
	EndGlobalSection
	GlobalSection(SolutionProperties) = preSolution
		HideSolutionNode = FALSE
	EndGlobalSection
	GlobalSection(NestedProjects) = preSolution
		{097C7ECA-A041-E5CC-7D06-1B7DB85BBCF9} = {B36A84DF-456D-A817-6EDD-3EC3E7F6E11F}
		{A4E5EF9F-81B6-467A-AD5C-3362E110B00B} = {097C7ECA-A041-E5CC-7D06-1B7DB85BBCF9}
		{6D0A4DBD-B535-6924-C7CF-7809DE19608B} = {B36A84DF-456D-A817-6EDD-3EC3E7F6E11F}
		{992CCA71-42A4-42FA-935D-0A2F852177F6} = {6D0A4DBD-B535-6924-C7CF-7809DE19608B}
		{16E0219A-2A7C-FF03-94DF-16FC78363D78} = {B36A84DF-456D-A817-6EDD-3EC3E7F6E11F}
		{856B8674-E758-4104-8A5C-E662854ACA3B} = {16E0219A-2A7C-FF03-94DF-16FC78363D78}
		{05477FCE-AE3D-5BAF-73F6-0B05E0F2A020} = {B36A84DF-456D-A817-6EDD-3EC3E7F6E11F}
		{ED38749C-712A-4D70-993F-537CDAD5CDCE} = {05477FCE-AE3D-5BAF-73F6-0B05E0F2A020}
	EndGlobalSection
EndGlobal
